
Microsoft Visual Studio Solution File, Format Version 12.00
# Visual Studio Version 17
VisualStudioVersion = 17.7.34031.279
MinimumVisualStudioVersion = 10.0.40219.1
Project("{E24C65DC-7377-472B-9ABA-BC803B73C61A}") = "DavzRoundRobin", "DavzRoundRobin\", "{30EAE4CB-9183-491F-9354-D336D7F2959F}"
	ProjectSection(WebsiteProperties) = preProject
		TargetFrameworkMoniker = ".NETFramework,Version%3Dv4.7.2"
		ProjectReferences = "{b822d350-f1d7-4334-892a-d7405d3de16d}|Davz.Tournament.dll;"
		Debug.AspNetCompiler.VirtualPath = "/localhost_53396"
		Debug.AspNetCompiler.PhysicalPath = "DavzRoundRobin\"
		Debug.AspNetCompiler.TargetPath = "PrecompiledWeb\localhost_53396\"
		Debug.AspNetCompiler.Updateable = "true"
		Debug.AspNetCompiler.ForceOverwrite = "true"
		Debug.AspNetCompiler.FixedNames = "false"
		Debug.AspNetCompiler.Debug = "True"
		Release.AspNetCompiler.VirtualPath = "/localhost_53396"
		Release.AspNetCompiler.PhysicalPath = "DavzRoundRobin\"
		Release.AspNetCompiler.TargetPath = "PrecompiledWeb\localhost_53396\"
		Release.AspNetCompiler.Updateable = "true"
		Release.AspNetCompiler.ForceOverwrite = "true"
		Release.AspNetCompiler.FixedNames = "false"
		Release.AspNetCompiler.Debug = "False"
		VWDPort = "53396"
		SlnRelativePath = "DavzRoundRobin\"
		DefaultWebSiteLanguage = "Visual C#"
	EndProjectSection
EndProject
Project("{00D1A9C2-B5F0-4AF3-8072-F6C62B433612}") = "Database", "Database\Database.sqlproj", "{52BDD609-7039-4A3B-ADBD-85306A680219}"
EndProject
Project("{FAE04EC0-301F-11D3-BF4B-00C04F79EFBC}") = "Davz.Tournament", "Davz.Tournament\Davz.Tournament.csproj", "{B822D350-F1D7-4334-892A-D7405D3DE16D}"
EndProject
Global
	GlobalSection(SolutionConfigurationPlatforms) = preSolution
		Debug|Any CPU = Debug|Any CPU
		Release|Any CPU = Release|Any CPU
	EndGlobalSection
	GlobalSection(ProjectConfigurationPlatforms) = postSolution
		{30EAE4CB-9183-491F-9354-D336D7F2959F}.Debug|Any CPU.ActiveCfg = Debug|Any CPU
		{30EAE4CB-9183-491F-9354-D336D7F2959F}.Debug|Any CPU.Build.0 = Debug|Any CPU
		{30EAE4CB-9183-491F-9354-D336D7F2959F}.Release|Any CPU.ActiveCfg = Debug|Any CPU
		{30EAE4CB-9183-491F-9354-D336D7F2959F}.Release|Any CPU.Build.0 = Debug|Any CPU
		{52BDD609-7039-4A3B-ADBD-85306A680219}.Debug|Any CPU.ActiveCfg = Debug|Any CPU
		{52BDD609-7039-4A3B-ADBD-85306A680219}.Debug|Any CPU.Build.0 = Debug|Any CPU
		{52BDD609-7039-4A3B-ADBD-85306A680219}.Debug|Any CPU.Deploy.0 = Debug|Any CPU
		{52BDD609-7039-4A3B-ADBD-85306A680219}.Release|Any CPU.ActiveCfg = Release|Any CPU
		{52BDD609-7039-4A3B-ADBD-85306A680219}.Release|Any CPU.Build.0 = Release|Any CPU
		{52BDD609-7039-4A3B-ADBD-85306A680219}.Release|Any CPU.Deploy.0 = Release|Any CPU
		{B822D350-F1D7-4334-892A-D7405D3DE16D}.Debug|Any CPU.ActiveCfg = Debug|Any CPU
		{B822D350-F1D7-4334-892A-D7405D3DE16D}.Debug|Any CPU.Build.0 = Debug|Any CPU
		{B822D350-F1D7-4334-892A-D7405D3DE16D}.Release|Any CPU.ActiveCfg = Release|Any CPU
		{B822D350-F1D7-4334-892A-D7405D3DE16D}.Release|Any CPU.Build.0 = Release|Any CPU
	EndGlobalSection
	GlobalSection(SolutionProperties) = preSolution
		HideSolutionNode = FALSE
	EndGlobalSection
	GlobalSection(ExtensibilityGlobals) = postSolution
		SolutionGuid = {E2942561-A48E-4B3F-8C3B-EBBD0A97CA7A}
	EndGlobalSection
EndGlobal
