
Microsoft Visual Studio Solution File, Format Version 12.00
# Visual Studio Version 16
VisualStudioVersion = 16.0.31624.102
MinimumVisualStudioVersion = 10.0.40219.1
Project("{E24C65DC-7377-472B-9ABA-BC803B73C61A}") = "DavzRoundRobin", "DavzRoundRobin\", "{30EAE4CB-9183-491F-9354-D336D7F2959F}"
	ProjectSection(WebsiteProperties) = preProject
		TargetFrameworkMoniker = ".NETFramework,Version%3Dv4.7.2"
		Debug.AspNetCompiler.VirtualPath = "/localhost_53396"
		Debug.AspNetCompiler.PhysicalPath = "DavzRoundRobin\"
		Debug.AspNetCompiler.TargetPath = "PrecompiledWeb\localhost_53396\"
		Debug.AspNetCompiler.Updateable = "true"
		Debug.AspNetCompiler.ForceOverwrite = "true"
		Debug.AspNetCompiler.FixedNames = "false"
		Debug.AspNetCompiler.Debug = "True"
		Release.AspNetCompiler.VirtualPath = "/localhost_53396"
		Release.AspNetCompiler.PhysicalPath = "DavzRoundRobin\"
		Release.AspNetCompiler.TargetPath = "PrecompiledWeb\localhost_53396\"
		Release.AspNetCompiler.Updateable = "true"
		Release.AspNetCompiler.ForceOverwrite = "true"
		Release.AspNetCompiler.FixedNames = "false"
		Release.AspNetCompiler.Debug = "False"
		VWDPort = "53396"
		DefaultWebSiteLanguage = "Visual C#"
	EndProjectSection
EndProject
Global
	GlobalSection(SolutionConfigurationPlatforms) = preSolution
		Debug|Any CPU = Debug|Any CPU
	EndGlobalSection
	GlobalSection(ProjectConfigurationPlatforms) = postSolution
		{30EAE4CB-9183-491F-9354-D336D7F2959F}.Debug|Any CPU.ActiveCfg = Debug|Any CPU
		{30EAE4CB-9183-491F-9354-D336D7F2959F}.Debug|Any CPU.Build.0 = Debug|Any CPU
	EndGlobalSection
	GlobalSection(SolutionProperties) = preSolution
		HideSolutionNode = FALSE
	EndGlobalSection
	GlobalSection(ExtensibilityGlobals) = postSolution
		SolutionGuid = {E2942561-A48E-4B3F-8C3B-EBBD0A97CA7A}
	EndGlobalSection
EndGlobal
